
Microsoft Visual Studio Solution File, Format Version 12.00
# Visual Studio Version 17
VisualStudioVersion = 17.2.32526.322
MinimumVisualStudioVersion = 10.0.40219.1
Project("{8BC9CEB8-8B4A-11D0-8D11-00A0C91BC942}") = "复习", "复习.vcxproj", "{8DCB11C3-2BD7-4F64-9320-70FC702B6ACE}"
EndProject
Global
	GlobalSection(SolutionConfigurationPlatforms) = preSolution
		Debug|x64 = Debug|x64
		Debug|x86 = Debug|x86
		Release|x64 = Release|x64
		Release|x86 = Release|x86
	EndGlobalSection
	GlobalSection(ProjectConfigurationPlatforms) = postSolution
		{8DCB11C3-2BD7-4F64-9320-70FC702B6ACE}.Debug|x64.ActiveCfg = Debug|x64
		{8DCB11C3-2BD7-4F64-9320-70FC702B6ACE}.Debug|x64.Build.0 = Debug|x64
		{8DCB11C3-2BD7-4F64-9320-70FC702B6ACE}.Debug|x86.ActiveCfg = Debug|Win32
		{8DCB11C3-2BD7-4F64-9320-70FC702B6ACE}.Debug|x86.Build.0 = Debug|Win32
		{8DCB11C3-2BD7-4F64-9320-70FC702B6ACE}.Release|x64.ActiveCfg = Release|x64
		{8DCB11C3-2BD7-4F64-9320-70FC702B6ACE}.Release|x64.Build.0 = Release|x64
		{8DCB11C3-2BD7-4F64-9320-70FC702B6ACE}.Release|x86.ActiveCfg = Release|Win32
		{8DCB11C3-2BD7-4F64-9320-70FC702B6ACE}.Release|x86.Build.0 = Release|Win32
	EndGlobalSection
	GlobalSection(SolutionProperties) = preSolution
		HideSolutionNode = FALSE
	EndGlobalSection
	GlobalSection(ExtensibilityGlobals) = postSolution
		SolutionGuid = {BBF00DB9-C581-4204-B795-8B8153BF5F67}
	EndGlobalSection
EndGlobal
